
Microsoft Visual Studio Solution File, Format Version 12.00
# Visual Studio Version 17
VisualStudioVersion = 17.2.32616.157
MinimumVisualStudioVersion = 10.0.40219.1
Project("{9A19103F-16F7-4668-BE54-9A1E7A4F7556}") = "ChAvTicks.Domain", "ChAvTicks.Domain\ChAvTicks.Domain.csproj", "{1E381D49-38E6-4CD9-A4C2-74829060A225}"
EndProject
Project("{9A19103F-16F7-4668-BE54-9A1E7A4F7556}") = "ChAvTicks.Application", "ChAvTicks.Application\ChAvTicks.Application.csproj", "{060DDEBE-9EC1-4FD9-A216-2D7EF5F8DC01}"
	ProjectSection(ProjectDependencies) = postProject
		{1E381D49-38E6-4CD9-A4C2-74829060A225} = {1E381D49-38E6-4CD9-A4C2-74829060A225}
	EndProjectSection
EndProject
Project("{9A19103F-16F7-4668-BE54-9A1E7A4F7556}") = "ChAvTicks.Infrastructure", "ChAvTicks.Infrastructure\ChAvTicks.Infrastructure.csproj", "{55F74DCA-386E-4CFB-9684-8583D0AAC599}"
EndProject
Project("{9A19103F-16F7-4668-BE54-9A1E7A4F7556}") = "ChAvTicks.Api", "ChAvTicks.Api\ChAvTicks.Api.csproj", "{48AA1DE5-04E7-447C-A021-360E13D5906C}"
	ProjectSection(ProjectDependencies) = postProject
		{060DDEBE-9EC1-4FD9-A216-2D7EF5F8DC01} = {060DDEBE-9EC1-4FD9-A216-2D7EF5F8DC01}
		{55F74DCA-386E-4CFB-9684-8583D0AAC599} = {55F74DCA-386E-4CFB-9684-8583D0AAC599}
	EndProjectSection
EndProject
Project("{9A19103F-16F7-4668-BE54-9A1E7A4F7556}") = "ChAvTicks.IdentityServer", "ChAvTicks.IdentityServer\ChAvTicks.IdentityServer.csproj", "{811AA9E2-4A07-4703-A6B9-54E2DBF52616}"
EndProject
Project("{2150E333-8FDC-42A3-9474-1A3956D46DE8}") = "Solution Items", "Solution Items", "{111388C4-C22E-4FA1-A324-3141C41791F6}"
	ProjectSection(SolutionItems) = preProject
		.editorconfig = .editorconfig
	EndProjectSection
EndProject
Global
	GlobalSection(SolutionConfigurationPlatforms) = preSolution
		Debug|Any CPU = Debug|Any CPU
		Release|Any CPU = Release|Any CPU
	EndGlobalSection
	GlobalSection(ProjectConfigurationPlatforms) = postSolution
		{1E381D49-38E6-4CD9-A4C2-74829060A225}.Debug|Any CPU.ActiveCfg = Debug|Any CPU
		{1E381D49-38E6-4CD9-A4C2-74829060A225}.Debug|Any CPU.Build.0 = Debug|Any CPU
		{1E381D49-38E6-4CD9-A4C2-74829060A225}.Release|Any CPU.ActiveCfg = Release|Any CPU
		{1E381D49-38E6-4CD9-A4C2-74829060A225}.Release|Any CPU.Build.0 = Release|Any CPU
		{060DDEBE-9EC1-4FD9-A216-2D7EF5F8DC01}.Debug|Any CPU.ActiveCfg = Debug|Any CPU
		{060DDEBE-9EC1-4FD9-A216-2D7EF5F8DC01}.Debug|Any CPU.Build.0 = Debug|Any CPU
		{060DDEBE-9EC1-4FD9-A216-2D7EF5F8DC01}.Release|Any CPU.ActiveCfg = Release|Any CPU
		{060DDEBE-9EC1-4FD9-A216-2D7EF5F8DC01}.Release|Any CPU.Build.0 = Release|Any CPU
		{55F74DCA-386E-4CFB-9684-8583D0AAC599}.Debug|Any CPU.ActiveCfg = Debug|Any CPU
		{55F74DCA-386E-4CFB-9684-8583D0AAC599}.Debug|Any CPU.Build.0 = Debug|Any CPU
		{55F74DCA-386E-4CFB-9684-8583D0AAC599}.Release|Any CPU.ActiveCfg = Release|Any CPU
		{55F74DCA-386E-4CFB-9684-8583D0AAC599}.Release|Any CPU.Build.0 = Release|Any CPU
		{48AA1DE5-04E7-447C-A021-360E13D5906C}.Debug|Any CPU.ActiveCfg = Debug|Any CPU
		{48AA1DE5-04E7-447C-A021-360E13D5906C}.Debug|Any CPU.Build.0 = Debug|Any CPU
		{48AA1DE5-04E7-447C-A021-360E13D5906C}.Release|Any CPU.ActiveCfg = Release|Any CPU
		{48AA1DE5-04E7-447C-A021-360E13D5906C}.Release|Any CPU.Build.0 = Release|Any CPU
		{811AA9E2-4A07-4703-A6B9-54E2DBF52616}.Debug|Any CPU.ActiveCfg = Debug|Any CPU
		{811AA9E2-4A07-4703-A6B9-54E2DBF52616}.Debug|Any CPU.Build.0 = Debug|Any CPU
		{811AA9E2-4A07-4703-A6B9-54E2DBF52616}.Release|Any CPU.ActiveCfg = Release|Any CPU
		{811AA9E2-4A07-4703-A6B9-54E2DBF52616}.Release|Any CPU.Build.0 = Release|Any CPU
	EndGlobalSection
	GlobalSection(SolutionProperties) = preSolution
		HideSolutionNode = FALSE
	EndGlobalSection
	GlobalSection(ExtensibilityGlobals) = postSolution
		SolutionGuid = {AAC4C504-4416-462A-8C02-74747DE6A061}
	EndGlobalSection
EndGlobal
