
Microsoft Visual Studio Solution File, Format Version 12.00
# Visual Studio Version 17
VisualStudioVersion = 17.2.32616.157
MinimumVisualStudioVersion = 10.0.40219.1
Project("{9A19103F-16F7-4668-BE54-9A1E7A4F7556}") = "ChAvTicks.IdentityServer", "ChAvTicks.IdentityServer\ChAvTicks.IdentityServer.csproj", "{86F84995-3071-4EDC-98D0-8DD9A6AD16F7}"
EndProject
Project("{9A19103F-16F7-4668-BE54-9A1E7A4F7556}") = "ChAvTicks.Domain", "ChAvTicks.Domain\ChAvTicks.Domain.csproj", "{1E381D49-38E6-4CD9-A4C2-74829060A225}"
EndProject
Project("{9A19103F-16F7-4668-BE54-9A1E7A4F7556}") = "ChAvTicks.Application", "ChAvTicks.Application\ChAvTicks.Application.csproj", "{060DDEBE-9EC1-4FD9-A216-2D7EF5F8DC01}"
	ProjectSection(ProjectDependencies) = postProject
		{1E381D49-38E6-4CD9-A4C2-74829060A225} = {1E381D49-38E6-4CD9-A4C2-74829060A225}
	EndProjectSection
EndProject
Project("{9A19103F-16F7-4668-BE54-9A1E7A4F7556}") = "ChAvTicks.Infrastructure", "ChAvTicks.Infrastructure\ChAvTicks.Infrastructure.csproj", "{55F74DCA-386E-4CFB-9684-8583D0AAC599}"
	ProjectSection(ProjectDependencies) = postProject
		{060DDEBE-9EC1-4FD9-A216-2D7EF5F8DC01} = {060DDEBE-9EC1-4FD9-A216-2D7EF5F8DC01}
	EndProjectSection
EndProject
Project("{9A19103F-16F7-4668-BE54-9A1E7A4F7556}") = "ChAvTicks.Api", "ChAvTicks.Api\ChAvTicks.Api.csproj", "{48AA1DE5-04E7-447C-A021-360E13D5906C}"
	ProjectSection(ProjectDependencies) = postProject
		{060DDEBE-9EC1-4FD9-A216-2D7EF5F8DC01} = {060DDEBE-9EC1-4FD9-A216-2D7EF5F8DC01}
		{55F74DCA-386E-4CFB-9684-8583D0AAC599} = {55F74DCA-386E-4CFB-9684-8583D0AAC599}
	EndProjectSection
EndProject
Project("{54A90642-561A-4BB1-A94E-469ADEE60C69}") = "ChAvTicks.UI", "ChAvTicks.UI\ChAvTicks.UI.esproj", "{013842AF-3E78-40E2-B348-EE84CD7A772E}"
EndProject
Project("{9A19103F-16F7-4668-BE54-9A1E7A4F7556}") = "ChAvTicks.TempMvcClient", "ChAvTicks.TempMvcClient\ChAvTicks.TempMvcClient.csproj", "{87819C30-2C0E-4C9C-BCE6-FE5DB533A4D9}"
EndProject
Global
	GlobalSection(SolutionConfigurationPlatforms) = preSolution
		Debug|Any CPU = Debug|Any CPU
		Release|Any CPU = Release|Any CPU
	EndGlobalSection
	GlobalSection(ProjectConfigurationPlatforms) = postSolution
		{86F84995-3071-4EDC-98D0-8DD9A6AD16F7}.Debug|Any CPU.ActiveCfg = Debug|Any CPU
		{86F84995-3071-4EDC-98D0-8DD9A6AD16F7}.Debug|Any CPU.Build.0 = Debug|Any CPU
		{86F84995-3071-4EDC-98D0-8DD9A6AD16F7}.Release|Any CPU.ActiveCfg = Release|Any CPU
		{86F84995-3071-4EDC-98D0-8DD9A6AD16F7}.Release|Any CPU.Build.0 = Release|Any CPU
		{1E381D49-38E6-4CD9-A4C2-74829060A225}.Debug|Any CPU.ActiveCfg = Debug|Any CPU
		{1E381D49-38E6-4CD9-A4C2-74829060A225}.Debug|Any CPU.Build.0 = Debug|Any CPU
		{1E381D49-38E6-4CD9-A4C2-74829060A225}.Release|Any CPU.ActiveCfg = Release|Any CPU
		{1E381D49-38E6-4CD9-A4C2-74829060A225}.Release|Any CPU.Build.0 = Release|Any CPU
		{060DDEBE-9EC1-4FD9-A216-2D7EF5F8DC01}.Debug|Any CPU.ActiveCfg = Debug|Any CPU
		{060DDEBE-9EC1-4FD9-A216-2D7EF5F8DC01}.Debug|Any CPU.Build.0 = Debug|Any CPU
		{060DDEBE-9EC1-4FD9-A216-2D7EF5F8DC01}.Release|Any CPU.ActiveCfg = Release|Any CPU
		{060DDEBE-9EC1-4FD9-A216-2D7EF5F8DC01}.Release|Any CPU.Build.0 = Release|Any CPU
		{55F74DCA-386E-4CFB-9684-8583D0AAC599}.Debug|Any CPU.ActiveCfg = Debug|Any CPU
		{55F74DCA-386E-4CFB-9684-8583D0AAC599}.Debug|Any CPU.Build.0 = Debug|Any CPU
		{55F74DCA-386E-4CFB-9684-8583D0AAC599}.Release|Any CPU.ActiveCfg = Release|Any CPU
		{55F74DCA-386E-4CFB-9684-8583D0AAC599}.Release|Any CPU.Build.0 = Release|Any CPU
		{48AA1DE5-04E7-447C-A021-360E13D5906C}.Debug|Any CPU.ActiveCfg = Debug|Any CPU
		{48AA1DE5-04E7-447C-A021-360E13D5906C}.Debug|Any CPU.Build.0 = Debug|Any CPU
		{48AA1DE5-04E7-447C-A021-360E13D5906C}.Release|Any CPU.ActiveCfg = Release|Any CPU
		{48AA1DE5-04E7-447C-A021-360E13D5906C}.Release|Any CPU.Build.0 = Release|Any CPU
		{013842AF-3E78-40E2-B348-EE84CD7A772E}.Debug|Any CPU.ActiveCfg = Debug|Any CPU
		{013842AF-3E78-40E2-B348-EE84CD7A772E}.Debug|Any CPU.Build.0 = Debug|Any CPU
		{013842AF-3E78-40E2-B348-EE84CD7A772E}.Debug|Any CPU.Deploy.0 = Debug|Any CPU
		{013842AF-3E78-40E2-B348-EE84CD7A772E}.Release|Any CPU.ActiveCfg = Release|Any CPU
		{013842AF-3E78-40E2-B348-EE84CD7A772E}.Release|Any CPU.Build.0 = Release|Any CPU
		{013842AF-3E78-40E2-B348-EE84CD7A772E}.Release|Any CPU.Deploy.0 = Release|Any CPU
		{87819C30-2C0E-4C9C-BCE6-FE5DB533A4D9}.Debug|Any CPU.ActiveCfg = Debug|Any CPU
		{87819C30-2C0E-4C9C-BCE6-FE5DB533A4D9}.Debug|Any CPU.Build.0 = Debug|Any CPU
		{87819C30-2C0E-4C9C-BCE6-FE5DB533A4D9}.Release|Any CPU.ActiveCfg = Release|Any CPU
		{87819C30-2C0E-4C9C-BCE6-FE5DB533A4D9}.Release|Any CPU.Build.0 = Release|Any CPU
	EndGlobalSection
	GlobalSection(SolutionProperties) = preSolution
		HideSolutionNode = FALSE
	EndGlobalSection
	GlobalSection(ExtensibilityGlobals) = postSolution
		SolutionGuid = {AAC4C504-4416-462A-8C02-74747DE6A061}
	EndGlobalSection
EndGlobal
